version: 1.0
shards:
  action-controller:
    github: spider-gazelle/action-controller
    version: 2.3.4

  bindata:
    github: spider-gazelle/bindata
    version: 1.2.0

  bisect:
    github: spider-gazelle/bisect
    version: 1.2.0

  connect-proxy:
    github: spider-gazelle/connect-proxy
    version: 1.0.0

  cron_parser:
    github: kostya/cron_parser
    version: 0.3.0

  debug:
    github: Sija/debug.cr
    version: 1.1.0

  delimiter_tree:
    github: drujensen/delimiter_tree
    version: 0.1.4

  engine-driver:
    github: aca-labs/crystal-engine-driver
    commit: 964b68a3211d87643bbf53e4ed6e5ee9e553d2dd

  etcd:
    github: aca-labs/crystal-etcd
    version: 0.3.1

  exec_from:
    github: aca-labs/exec_from
    commit: 0372de93356432eed1c1aa7c55f97cf9ecc14553

  habitat:
    github: luckyframework/habitat
    version: 0.4.3

  hound-dog:
    github: aca-labs/hound-dog
    version: 2.0.2

  ipaddress:
    github: Sija/ipaddress.cr
    version: 0.2.1

  jwt:
    github: crystal-community/jwt
    version: 1.4.0

  kilt:
    github: jeromegn/kilt
    version: 0.6.0

  murmur3:
    github: aca-labs/murmur3
    commit: 7cbe25c0ca8d052c9d98c377c824dcb0e038c790

  openssl_ext:
    github: stakach/openssl_ext
    version: 1.2.0

  pool:
    github: ysbaddaden/pool
    version: 0.2.3

  priority-queue:
    github: spider-gazelle/priority-queue
    commit: bde47d11cb4b4d1ed7680a7f417ff707c434b1e4

  promise:
    github: spider-gazelle/promise
    version: 2.1.0

  protobuf:
    github: jeromegn/protobuf.cr
    version: 2.2.0

  redis:
    github: stefanwille/crystal-redis
    version: 2.5.3

  rendezvous-hash:
    github: caspiano/rendezvous-hash
    version: 0.3.1

  retriable:
    github: sija/retriable.cr
    version: 0.2.0

  rwlock:
    github: spider-gazelle/readers-writer
    version: 1.0.5

  ssh2:
    github: spider-gazelle/ssh2.cr
    version: 1.2.4

  tasker:
    github: spider-gazelle/tasker
    version: 1.2.2

  telnet:
    github: spider-gazelle/telnet.cr
    version: 1.0.0

  tokenizer:
    github: spider-gazelle/tokenizer
    version: 1.1.0

  ulid:
    github: aca-labs/ulid
    version: 0.1.2

