# NOTICE: This lockfile contains some overrides from shard.override.yml
version: 2.0
shards:
  CrystalEmail:
    git: https://github.com/place-labs/crystalemail.git
    version: 0.2.6

  action-controller:
    git: https://github.com/spider-gazelle/action-controller.git
    version: 4.10.1

  active-model:
    git: https://github.com/spider-gazelle/active-model.git
    version: 4.3.2

  awscr-signer:
    git: https://github.com/taylorfinnell/awscr-signer.git
    version: 0.8.2

  axio:
    git: https://github.com/place-technology/axio.git
    version: 0.1.0+git.commit.c3c23a73f45da075ad4ebc1e8be46a7348c68c46

  backtracer:
    git: https://github.com/sija/backtracer.cr.git
    version: 1.2.2

  bacnet:
    git: https://github.com/spider-gazelle/crystal-bacnet.git
    version: 0.10.10

  bindata:
    git: https://github.com/spider-gazelle/bindata.git
    version: 2.0.0

  cmac:
    git: https://github.com/spider-gazelle/cmac.git
    version: 1.0.1

  connect-proxy:
    git: https://github.com/spider-gazelle/connect-proxy.git
    version: 2.0.0

  crc16:
    git: https://github.com/maiha/crc16.cr.git
    version: 0.1.0

  crest:
    git: https://github.com/mamantoha/crest.git
    version: 1.3.12

  cron_parser:
    git: https://github.com/kostya/cron_parser.git
    version: 0.4.0

  crunits:
    git: https://github.com/spider-gazelle/crunits.git
    version: 1.1.1

  csuuid:
    git: https://github.com/wyhaines/csuuid.cr.git
    version: 1.0.0+git.commit.a4cf9615c6518cf27c68a1755a8c2ac4ae4fe987

  db:
    git: https://github.com/crystal-lang/crystal-db.git
    version: 0.13.1

  debug:
    git: https://github.com/sija/debug.cr.git
    version: 2.0.2

  defined:
    git: https://github.com/wyhaines/defined.cr.git
    version: 0.3.6

  desigo:
    git: https://github.com/place-technology/desigo.git
    version: 0.1.0+git.commit.550870f8a93661b25cd081dd7056094f6551d21b

  dtls:
    git: https://github.com/spider-gazelle/crystal-dtls.git
    version: 0.9.1

  email:
    git: https://github.com/arcage/crystal-email.git
    version: 0.6.4

  etcd:
    git: https://github.com/place-labs/crystal-etcd.git
    version: 1.2.5

  eventbus:
    git: https://github.com/spider-gazelle/eventbus.git
    version: 0.9.9+git.commit.ca8ef0c5e21ee15da079edd5bcea39bee7e07f26

  exception_page:
    git: https://github.com/crystal-loot/exception_page.git
    version: 0.4.1

  exec_from:
    git: https://github.com/place-labs/exec_from.git
    version: 2.0.0

  faker:
    git: https://github.com/askn/faker.git
    version: 0.8.0

  future:
    git: https://github.com/crystal-community/future.cr.git
    version: 1.0.0

  google:
    git: https://github.com/placeos/google.git
    version: 3.5.0

  habitat:
    git: https://github.com/luckyframework/habitat.git
    version: 0.4.8

  halite:
    git: https://github.com/icyleaf/halite.git
    version: 0.12.1

  hound-dog:
    git: https://github.com/place-labs/hound-dog.git
    version: 2.9.1

  http-client-digest_auth:
    git: https://github.com/mamantoha/http-client-digest_auth.git
    version: 0.6.0

  http-params-serializable:
    git: https://github.com/place-labs/http-params-serializable.git
    version: 0.5.0

  http_proxy:
    git: https://github.com/mamantoha/http_proxy.git
    version: 0.10.1

  inactive-support:
    git: https://github.com/spider-gazelle/inactive-support.git
    version: 0.4.0

  ipaddress:
    git: https://github.com/sija/ipaddress.cr.git
    version: 0.2.3

  json-merge-patch:
    git: https://github.com/caspiano/json-merge-patch.git
    version: 0.1.1

  json-schema:
    git: https://github.com/spider-gazelle/json-schema.git
    version: 1.3.1

  jwt:
    git: https://github.com/crystal-community/jwt.git
    version: 1.6.1

  knx:
    git: https://github.com/spider-gazelle/knx.git
    version: 1.0.3

  link-header:
    git: https://github.com/spider-gazelle/link-header.git
    version: 1.0.2

  log_helper:
    git: https://github.com/spider-gazelle/log_helper.git
    version: 1.0.3

  lucky_router:
    git: https://github.com/luckyframework/lucky_router.git
    version: 0.5.2

  mqtt:
    git: https://github.com/spider-gazelle/crystal-mqtt.git
    version: 1.2.2

  murmur3:
    git: https://github.com/aca-labs/murmur3.git
    version: 0.1.1+git.commit.7cbe25c0ca8d052c9d98c377c824dcb0e038c790

  nbchannel:
    git: https://github.com/wyhaines/nbchannel.cr.git
    version: 0.1.0+git.commit.a8f5be6aa198abfa9f1893e1156640b8ea526094

  neuroplastic:
    git: https://github.com/spider-gazelle/neuroplastic.git
    version: 1.13.0

  ntlm:
    git: https://github.com/spider-gazelle/ntlm.git
    version: 1.0.1

  office365:
    git: https://github.com/placeos/office365.git
    version: 1.23.3

  open_api:
    git: https://github.com/elbywan/open_api.cr.git
    version: 1.3.0

  openapi-generator:
    git: https://github.com/place-labs/openapi-generator.git
    version: 2.1.0+git.commit.a65ffc2f7dcc6a393e7d1f9229650b520d9525be

  openssl_ext:
    git: https://github.com/spider-gazelle/openssl_ext.git
    version: 2.4.4

  opentelemetry-api:
    git: https://github.com/wyhaines/opentelemetry-api.cr.git
    version: 0.5.0

  opentelemetry-instrumentation:
    git: https://github.com/wyhaines/opentelemetry-instrumentation.cr.git
    version: 0.5.3+git.commit.cd3994b22d9f7a0d68752698974d3873a1b2fce2

  opentelemetry-sdk:
    git: https://github.com/wyhaines/opentelemetry-sdk.cr.git
    version: 0.6.1

  oq:
    git: https://github.com/blacksmoke16/oq.git
    version: 1.3.4

  pars: # Overridden
    git: https://github.com/spider-gazelle/pars.git
    version: 1.1.0

  parse_date:
    git: https://github.com/wyhaines/parsedate.cr.git
    version: 0.1.2

  pegmatite:
    git: https://github.com/jemc/crystal-pegmatite.git
    version: 0.2.3+git.commit.f1b6d99b71774f82b6bd17b825d6d7fdd5de38f9

  pg:
    git: https://github.com/will/crystal-pg.git
    version: 0.28.0

  pg-orm:
    git: https://github.com/spider-gazelle/pg-orm.git
    version: 1.1.0+git.commit.e35e4c535be1ab47b6afb821723ceafb637fa4e8

  pinger:
    git: https://github.com/spider-gazelle/pinger.git
    version: 1.1.2

  place_calendar:
    git: https://github.com/placeos/calendar.git
    version: 4.20.1

  placeos:
    git: https://github.com/placeos/crystal-client.git
    version: 2.9.0

  placeos-compiler:
    git: https://github.com/placeos/compiler.git
    version: 4.9.3

  placeos-core-client:
    git: https://github.com/placeos/core-client.git
    version: 0.5.2

  placeos-driver:
    git: https://github.com/placeos/driver.git
    version: 6.9.18

  placeos-log-backend:
    git: https://github.com/place-labs/log-backend.git
    version: 0.11.0

  placeos-models:
    git: https://github.com/placeos/models.git
    version: 9.1.0

  pool:
    git: https://github.com/ysbaddaden/pool.git
    version: 0.2.4

  promise:
    git: https://github.com/spider-gazelle/promise.git
    version: 3.0.0

  protobuf:
    git: https://github.com/jeromegn/protobuf.cr.git
    version: 2.3.0

  qr-code:
    git: https://github.com/spider-gazelle/qr-code.git
    version: 1.0.3

  quantum:
    git: https://github.com/place-technology/quantum.git
    version: 0.1.3

  rate_limiter:
    git: https://github.com/lbarasti/rate_limiter.git
    version: 1.0.1

  redis:
    git: https://github.com/stefanwille/crystal-redis.git
    version: 2.9.1

  redis-cluster:
    git: https://github.com/caspiano/redis-cluster.cr.git
    version: 0.8.5

  rendezvous-hash:
    git: https://github.com/caspiano/rendezvous-hash.git
    version: 0.3.1

  responsible:
    git: https://github.com/place-labs/responsible.git
    version: 1.2.3

  retriable:
    git: https://github.com/sija/retriable.cr.git
    version: 0.2.5

  rwlock:
    git: https://github.com/spider-gazelle/readers-writer.git
    version: 1.0.7

  s2_cells:
    git: https://github.com/spider-gazelle/s2_cells.git
    version: 1.0.1

  sabo:
    git: https://github.com/place-technology/sabo.git
    version: 0.1.0+git.commit.7886f23f60611c8bb820e5184110537811da5b6b

  simple_retry:
    git: https://github.com/spider-gazelle/simple_retry.git
    version: 1.1.1

  splay_tree_map:
    git: https://github.com/wyhaines/splay_tree_map.cr.git
    version: 0.2.2

  ssh2:
    git: https://github.com/spider-gazelle/ssh2.cr.git
    version: 1.6.1

  stomp:
    git: https://github.com/spider-gazelle/stomp.git
    version: 1.0.1

  stripetease:
    git: https://github.com/place-technology/stripetease.git
    version: 0.1.0+git.commit.709a3e533b2273928688e4adfabe80cf9d1480ec

  stumpy_core:
    git: https://github.com/stumpycr/stumpy_core.git
    version: 1.9.1

  stumpy_png:
    git: https://github.com/stumpycr/stumpy_png.git
    version: 5.0.1

  tasker:
    git: https://github.com/spider-gazelle/tasker.git
    version: 2.1.4

  telnet:
    git: https://github.com/spider-gazelle/telnet.cr.git
    version: 1.0.2

  time-ext:
    git: https://github.com/wyhaines/time-ext.cr.git
    version: 0.1.0+git.commit.175f658235fb6cdc9c804cb96da510fec27f4cd6

  tokenizer:
    git: https://github.com/spider-gazelle/tokenizer.git
    version: 1.1.1

  tracer:
    git: https://github.com/wyhaines/tracer.cr.git
    version: 0.3.1

  ulid:
    git: https://github.com/place-labs/ulid.git
    version: 0.1.2

  xml_converter:
    git: https://github.com/mamantoha/xml_converter.git
    version: 0.4.0

